
Microsoft Visual Studio Solution File, Format Version 12.00
# Visual Studio Version 17
VisualStudioVersion = 17.13.35919.96 d17.13
MinimumVisualStudioVersion = 10.0.40219.1
Project("{FAE04EC0-301F-11D3-BF4B-00C04F79EFBC}") = "Bai 2", "Bai 2\Bai 2.csproj", "{A7CDFB0F-43AD-49D1-9140-891E8DF3B421}"
EndProject
Global
	GlobalSection(SolutionConfigurationPlatforms) = preSolution
		Debug|Any CPU = Debug|Any CPU
		Release|Any CPU = Release|Any CPU
	EndGlobalSection
	GlobalSection(ProjectConfigurationPlatforms) = postSolution
		{A7CDFB0F-43AD-49D1-9140-891E8DF3B421}.Debug|Any CPU.ActiveCfg = Debug|Any CPU
		{A7CDFB0F-43AD-49D1-9140-891E8DF3B421}.Debug|Any CPU.Build.0 = Debug|Any CPU
		{A7CDFB0F-43AD-49D1-9140-891E8DF3B421}.Release|Any CPU.ActiveCfg = Release|Any CPU
		{A7CDFB0F-43AD-49D1-9140-891E8DF3B421}.Release|Any CPU.Build.0 = Release|Any CPU
	EndGlobalSection
	GlobalSection(SolutionProperties) = preSolution
		HideSolutionNode = FALSE
	EndGlobalSection
	GlobalSection(ExtensibilityGlobals) = postSolution
		SolutionGuid = {8558D11C-EF2E-46C6-BCF4-11E5912E4348}
	EndGlobalSection
EndGlobal
